NeoBundleLock base16-vim e711e9b1412b55fec7e8a5cff4ac5c06f9078729
NeoBundleLock goyo.vim 630f5d80861beb36ae2dfa0c587ec6b51982cff5
NeoBundleLock molokai c67bdfcdb31415aa0ade7f8c003261700a885476
NeoBundleLock neobundle.vim 8ea71a7c3303f043a127b2d1d1a41e81dc85c132
NeoBundleLock papercolor-theme f03eccecb727fc84302aab9254b9f6b88f19ad03
NeoBundleLock vim-colors-pencil 645c77db4ddeca0fbd32504f4fc62953428b36ad
NeoBundleLock vim-colors-solarized 528a59f26d12278698bb946f8fb82a63711eec21
NeoBundleLock vim-pencil ebbfc350b8622955163b5580bec1b6c92ee7a12a
NeoBundleLock vim-wordy 6b37d5a8c962250d251aa0d6f7dd3699cf26cb69
NeoBundleLock vimwiki 3bd3d9b86036b21aecd69f0a1e572643d626c280
