NeoBundleLock goyo.vim 630f5d80861beb36ae2dfa0c587ec6b51982cff5
NeoBundleLock neobundle.vim 8254c568723700a3885bf0ec3a1ec98410d3969c
NeoBundleLock papercolor-theme 155038203b0513d64049c60e5392f9877c7e2d1a
NeoBundleLock tmuxline.vim 1e638ef6b2673130db123f25b1ae1160c5289bb8
NeoBundleLock vim-airline b160ffaaf412c7e994f19867cfeaa11c71cefe8f
NeoBundleLock vim-colors-pencil 645c77db4ddeca0fbd32504f4fc62953428b36ad
NeoBundleLock vim-colors-solarized 528a59f26d12278698bb946f8fb82a63711eec21
NeoBundleLock vim-pencil ebbfc350b8622955163b5580bec1b6c92ee7a12a
NeoBundleLock vim-wordy 6b37d5a8c962250d251aa0d6f7dd3699cf26cb69
NeoBundleLock vimwiki 3bd3d9b86036b21aecd69f0a1e572643d626c280
